
Microsoft Visual Studio Solution File, Format Version 12.00
# Visual Studio Version 17
VisualStudioVersion = 17.11.35222.181
MinimumVisualStudioVersion = 10.0.40219.1
Project("{9A19103F-16F7-4668-BE54-9A1E7A4F7556}") = "ProductsAPI", "ProductsAPI\ProductsAPI.csproj", "{A78CA07E-6E93-4CD9-8F7B-388D57B97B90}"
EndProject
Project("{9A19103F-16F7-4668-BE54-9A1E7A4F7556}") = "OrdersAPI", "OrdersAPI\OrdersAPI.csproj", "{BA5301EC-F122-4625-8859-1AFB8D83598D}"
EndProject
Project("{9A19103F-16F7-4668-BE54-9A1E7A4F7556}") = "ApiGateway", "ApiGateway\ApiGateway.csproj", "{86242AFB-AB45-46BA-97BC-C59FDB4AF961}"
EndProject
Project("{9A19103F-16F7-4668-BE54-9A1E7A4F7556}") = "Model", "Model\Model.csproj", "{79F325F8-C2EA-4B93-BD80-634B55EA4836}"
EndProject
Project("{FAE04EC0-301F-11D3-BF4B-00C04F79EFBC}") = "Shared", "Shared\Shared.csproj", "{F84781B1-DA01-4694-B6A4-4B950E8C63CD}"
EndProject
Global
	GlobalSection(SolutionConfigurationPlatforms) = preSolution
		Debug|Any CPU = Debug|Any CPU
		Release|Any CPU = Release|Any CPU
	EndGlobalSection
	GlobalSection(ProjectConfigurationPlatforms) = postSolution
		{A78CA07E-6E93-4CD9-8F7B-388D57B97B90}.Debug|Any CPU.ActiveCfg = Debug|Any CPU
		{A78CA07E-6E93-4CD9-8F7B-388D57B97B90}.Debug|Any CPU.Build.0 = Debug|Any CPU
		{A78CA07E-6E93-4CD9-8F7B-388D57B97B90}.Release|Any CPU.ActiveCfg = Release|Any CPU
		{A78CA07E-6E93-4CD9-8F7B-388D57B97B90}.Release|Any CPU.Build.0 = Release|Any CPU
		{BA5301EC-F122-4625-8859-1AFB8D83598D}.Debug|Any CPU.ActiveCfg = Debug|Any CPU
		{BA5301EC-F122-4625-8859-1AFB8D83598D}.Debug|Any CPU.Build.0 = Debug|Any CPU
		{BA5301EC-F122-4625-8859-1AFB8D83598D}.Release|Any CPU.ActiveCfg = Release|Any CPU
		{BA5301EC-F122-4625-8859-1AFB8D83598D}.Release|Any CPU.Build.0 = Release|Any CPU
		{86242AFB-AB45-46BA-97BC-C59FDB4AF961}.Debug|Any CPU.ActiveCfg = Debug|Any CPU
		{86242AFB-AB45-46BA-97BC-C59FDB4AF961}.Debug|Any CPU.Build.0 = Debug|Any CPU
		{86242AFB-AB45-46BA-97BC-C59FDB4AF961}.Release|Any CPU.ActiveCfg = Release|Any CPU
		{86242AFB-AB45-46BA-97BC-C59FDB4AF961}.Release|Any CPU.Build.0 = Release|Any CPU
		{79F325F8-C2EA-4B93-BD80-634B55EA4836}.Debug|Any CPU.ActiveCfg = Debug|Any CPU
		{79F325F8-C2EA-4B93-BD80-634B55EA4836}.Debug|Any CPU.Build.0 = Debug|Any CPU
		{79F325F8-C2EA-4B93-BD80-634B55EA4836}.Release|Any CPU.ActiveCfg = Release|Any CPU
		{79F325F8-C2EA-4B93-BD80-634B55EA4836}.Release|Any CPU.Build.0 = Release|Any CPU
		{F84781B1-DA01-4694-B6A4-4B950E8C63CD}.Debug|Any CPU.ActiveCfg = Debug|Any CPU
		{F84781B1-DA01-4694-B6A4-4B950E8C63CD}.Debug|Any CPU.Build.0 = Debug|Any CPU
		{F84781B1-DA01-4694-B6A4-4B950E8C63CD}.Release|Any CPU.ActiveCfg = Release|Any CPU
		{F84781B1-DA01-4694-B6A4-4B950E8C63CD}.Release|Any CPU.Build.0 = Release|Any CPU
	EndGlobalSection
	GlobalSection(SolutionProperties) = preSolution
		HideSolutionNode = FALSE
	EndGlobalSection
	GlobalSection(ExtensibilityGlobals) = postSolution
		SolutionGuid = {D7D411FE-BFCE-4BB9-92A1-957B07D4EFDD}
	EndGlobalSection
EndGlobal
